// !$*UTF8*$!
{
	archiveVersion = 1;
	classes = {
	};
	objectVersion = 46;
	objects = {

/* Begin PBXBuildFile section */
		5944436C175CC1EA0021D498 /* UIKit.framework in Frameworks */ = {isa = PBXBuildFile; fileRef = 5944436B175CC1EA0021D498 /* UIKit.framework */; };
		5944436E175CC1EA0021D498 /* Foundation.framework in Frameworks */ = {isa = PBXBuildFile; fileRef = 5944436D175CC1EA0021D498 /* Foundation.framework */; };
		59444370175CC1EA0021D498 /* CoreGraphics.framework in Frameworks */ = {isa = PBXBuildFile; fileRef = 5944436F175CC1EA0021D498 /* CoreGraphics.framework */; };
		59444376175CC1EA0021D498 /* InfoPlist.strings in Resources */ = {isa = PBXBuildFile; fileRef = 59444374175CC1EA0021D498 /* InfoPlist.strings */; };
		59444378175CC1EA0021D498 /* main.m in Sources */ = {isa = PBXBuildFile; fileRef = 59444377175CC1EA0021D498 /* main.m */; };
		5944437C175CC1EA0021D498 /* CardGameAppDelegate.m in Sources */ = {isa = PBXBuildFile; fileRef = 5944437B175CC1EA0021D498 /* CardGameAppDelegate.m */; };
		5944437E175CC1EA0021D498 /* Default.png in Resources */ = {isa = PBXBuildFile; fileRef = 5944437D175CC1EA0021D498 /* Default.png */; };
		59444380175CC1EA0021D498 /* Default@2x.png in Resources */ = {isa = PBXBuildFile; fileRef = 5944437F175CC1EA0021D498 /* Default@2x.png */; };
		59444382175CC1EA0021D498 /* Default-568h@2x.png in Resources */ = {isa = PBXBuildFile; fileRef = 59444381175CC1EA0021D498 /* Default-568h@2x.png */; };
		59444385175CC1EA0021D498 /* MainStoryboard.storyboard in Resources */ = {isa = PBXBuildFile; fileRef = 59444383175CC1EA0021D498 /* MainStoryboard.storyboard */; };
		59444388175CC1EA0021D498 /* CardGameViewController.m in Sources */ = {isa = PBXBuildFile; fileRef = 59444387175CC1EA0021D498 /* CardGameViewController.m */; };
		59444390175D14810021D498 /* Card.m in Sources */ = {isa = PBXBuildFile; fileRef = 5944438F175D14810021D498 /* Card.m */; };
		59444394175D14BA0021D498 /* Deck.m in Sources */ = {isa = PBXBuildFile; fileRef = 59444393175D14BA0021D498 /* Deck.m */; };
		59444397175D15040021D498 /* PlayingCardDeck.m in Sources */ = {isa = PBXBuildFile; fileRef = 59444396175D15040021D498 /* PlayingCardDeck.m */; };
		5944439A175D15140021D498 /* PlayingCard.m in Sources */ = {isa = PBXBuildFile; fileRef = 59444399175D15140021D498 /* PlayingCard.m */; };
		5944439D175DED600021D498 /* CardMatchingGame.m in Sources */ = {isa = PBXBuildFile; fileRef = 5944439C175DED5F0021D498 /* CardMatchingGame.m */; };
		59D6C16D1760E4D200596085 /* GameViewController.m in Sources */ = {isa = PBXBuildFile; fileRef = 59D6C16C1760E4D200596085 /* GameViewController.m */; };
		59D6C1731760E91600596085 /* SetGameViewController.m in Sources */ = {isa = PBXBuildFile; fileRef = 59D6C1721760E91500596085 /* SetGameViewController.m */; };
		59D6C1761760F05400596085 /* SetCard.m in Sources */ = {isa = PBXBuildFile; fileRef = 59D6C1751760F05400596085 /* SetCard.m */; };
		59D6C1791760F50D00596085 /* SetCardDeck.m in Sources */ = {isa = PBXBuildFile; fileRef = 59D6C1781760F50D00596085 /* SetCardDeck.m */; };
		59D6C1AE17636CA200596085 /* PlayingCardView.m in Sources */ = {isa = PBXBuildFile; fileRef = 59D6C1AD17636CA100596085 /* PlayingCardView.m */; };
		59D6C1C817636CBD00596085 /* J♠.jpg in Resources */ = {isa = PBXBuildFile; fileRef = 59D6C1B017636CBD00596085 /* J♠.jpg */; };
		59D6C1C917636CBD00596085 /* J♠@2x.jpg in Resources */ = {isa = PBXBuildFile; fileRef = 59D6C1B117636CBD00596085 /* J♠@2x.jpg */; };
		59D6C1CA17636CBD00596085 /* J♣.jpg in Resources */ = {isa = PBXBuildFile; fileRef = 59D6C1B217636CBD00596085 /* J♣.jpg */; };
		59D6C1CB17636CBD00596085 /* J♣@2x.jpg in Resources */ = {isa = PBXBuildFile; fileRef = 59D6C1B317636CBD00596085 /* J♣@2x.jpg */; };
		59D6C1CC17636CBD00596085 /* J♥.jpg in Resources */ = {isa = PBXBuildFile; fileRef = 59D6C1B417636CBD00596085 /* J♥.jpg */; };
		59D6C1CD17636CBD00596085 /* J♥@2x.jpg in Resources */ = {isa = PBXBuildFile; fileRef = 59D6C1B517636CBD00596085 /* J♥@2x.jpg */; };
		59D6C1CE17636CBD00596085 /* J♦.jpg in Resources */ = {isa = PBXBuildFile; fileRef = 59D6C1B617636CBD00596085 /* J♦.jpg */; };
		59D6C1CF17636CBD00596085 /* J♦@2x.jpg in Resources */ = {isa = PBXBuildFile; fileRef = 59D6C1B717636CBD00596085 /* J♦@2x.jpg */; };
		59D6C1D017636CBD00596085 /* K♠.jpg in Resources */ = {isa = PBXBuildFile; fileRef = 59D6C1B817636CBD00596085 /* K♠.jpg */; };
		59D6C1D117636CBD00596085 /* K♠@2x.jpg in Resources */ = {isa = PBXBuildFile; fileRef = 59D6C1B917636CBD00596085 /* K♠@2x.jpg */; };
		59D6C1D217636CBD00596085 /* K♣.jpg in Resources */ = {isa = PBXBuildFile; fileRef = 59D6C1BA17636CBD00596085 /* K♣.jpg */; };
		59D6C1D317636CBD00596085 /* K♣@2x.jpg in Resources */ = {isa = PBXBuildFile; fileRef = 59D6C1BB17636CBD00596085 /* K♣@2x.jpg */; };
		59D6C1D417636CBD00596085 /* K♥.jpg in Resources */ = {isa = PBXBuildFile; fileRef = 59D6C1BC17636CBD00596085 /* K♥.jpg */; };
		59D6C1D517636CBD00596085 /* K♥@2x.jpg in Resources */ = {isa = PBXBuildFile; fileRef = 59D6C1BD17636CBD00596085 /* K♥@2x.jpg */; };
		59D6C1D617636CBD00596085 /* K♦.jpg in Resources */ = {isa = PBXBuildFile; fileRef = 59D6C1BE17636CBD00596085 /* K♦.jpg */; };
		59D6C1D717636CBD00596085 /* K♦@2x.jpg in Resources */ = {isa = PBXBuildFile; fileRef = 59D6C1BF17636CBD00596085 /* K♦@2x.jpg */; };
		59D6C1D817636CBD00596085 /* Q♠.jpg in Resources */ = {isa = PBXBuildFile; fileRef = 59D6C1C017636CBD00596085 /* Q♠.jpg */; };
		59D6C1D917636CBD00596085 /* Q♠@2x.jpg in Resources */ = {isa = PBXBuildFile; fileRef = 59D6C1C117636CBD00596085 /* Q♠@2x.jpg */; };
		59D6C1DA17636CBD00596085 /* Q♣.jpg in Resources */ = {isa = PBXBuildFile; fileRef = 59D6C1C217636CBD00596085 /* Q♣.jpg */; };
		59D6C1DB17636CBD00596085 /* Q♣@2x.jpg in Resources */ = {isa = PBXBuildFile; fileRef = 59D6C1C317636CBD00596085 /* Q♣@2x.jpg */; };
		59D6C1DC17636CBD00596085 /* Q♥.jpg in Resources */ = {isa = PBXBuildFile; fileRef = 59D6C1C417636CBD00596085 /* Q♥.jpg */; };
		59D6C1DD17636CBD00596085 /* Q♥@2x.jpg in Resources */ = {isa = PBXBuildFile; fileRef = 59D6C1C517636CBD00596085 /* Q♥@2x.jpg */; };
		59D6C1DE17636CBD00596085 /* Q♦.jpg in Resources */ = {isa = PBXBuildFile; fileRef = 59D6C1C617636CBD00596085 /* Q♦.jpg */; };
		59D6C1DF17636CBD00596085 /* Q♦@2x.jpg in Resources */ = {isa = PBXBuildFile; fileRef = 59D6C1C717636CBD00596085 /* Q♦@2x.jpg */; };
		59D6C1E21763713400596085 /* PlayingCardCollectionViewCell.m in Sources */ = {isa = PBXBuildFile; fileRef = 59D6C1E11763713400596085 /* PlayingCardCollectionViewCell.m */; };
		59D6C1E6176390E800596085 /* cardback.png in Resources */ = {isa = PBXBuildFile; fileRef = 59D6C1E5176390E800596085 /* cardback.png */; };
		59D6C1E917660B6100596085 /* SetCardView.m in Sources */ = {isa = PBXBuildFile; fileRef = 59D6C1E817660B6100596085 /* SetCardView.m */; };
		59D6C1EC17660C6F00596085 /* SetCardCollectionViewCell.m in Sources */ = {isa = PBXBuildFile; fileRef = 59D6C1EB17660C6F00596085 /* SetCardCollectionViewCell.m */; };
/* End PBXBuildFile section */

/* Begin PBXFileReference section */
		59444368175CC1EA0021D498 /* Machismo.app */ = {isa = PBXFileReference; explicitFileType = wrapper.application; includeInIndex = 0; path = Machismo.app; sourceTree = BUILT_PRODUCTS_DIR; };
		5944436B175CC1EA0021D498 /* UIKit.framework */ = {isa = PBXFileReference; lastKnownFileType = wrapper.framework; name = UIKit.framework; path = System/Library/Frameworks/UIKit.framework; sourceTree = SDKROOT; };
		5944436D175CC1EA0021D498 /* Foundation.framework */ = {isa = PBXFileReference; lastKnownFileType = wrapper.framework; name = Foundation.framework; path = System/Library/Frameworks/Foundation.framework; sourceTree = SDKROOT; };
		5944436F175CC1EA0021D498 /* CoreGraphics.framework */ = {isa = PBXFileReference; lastKnownFileType = wrapper.framework; name = CoreGraphics.framework; path = System/Library/Frameworks/CoreGraphics.framework; sourceTree = SDKROOT; };
		59444373175CC1EA0021D498 /* Machismo-Info.plist */ = {isa = PBXFileReference; lastKnownFileType = text.plist.xml; path = "Machismo-Info.plist"; sourceTree = "<group>"; };
		59444375175CC1EA0021D498 /* en */ = {isa = PBXFileReference; lastKnownFileType = text.plist.strings; name = en; path = en.lproj/InfoPlist.strings; sourceTree = "<group>"; };
		59444377175CC1EA0021D498 /* main.m */ = {isa = PBXFileReference; lastKnownFileType = sourcecode.c.objc; path = main.m; sourceTree = "<group>"; };
		59444379175CC1EA0021D498 /* Machismo-Prefix.pch */ = {isa = PBXFileReference; lastKnownFileType = sourcecode.c.h; path = "Machismo-Prefix.pch"; sourceTree = "<group>"; };
		5944437A175CC1EA0021D498 /* CardGameAppDelegate.h */ = {isa = PBXFileReference; lastKnownFileType = sourcecode.c.h; path = CardGameAppDelegate.h; sourceTree = "<group>"; };
		5944437B175CC1EA0021D498 /* CardGameAppDelegate.m */ = {isa = PBXFileReference; lastKnownFileType = sourcecode.c.objc; path = CardGameAppDelegate.m; sourceTree = "<group>"; };
		5944437D175CC1EA0021D498 /* Default.png */ = {isa = PBXFileReference; lastKnownFileType = image.png; path = Default.png; sourceTree = "<group>"; };
		5944437F175CC1EA0021D498 /* Default@2x.png */ = {isa = PBXFileReference; lastKnownFileType = image.png; path = "Default@2x.png"; sourceTree = "<group>"; };
		59444381175CC1EA0021D498 /* Default-568h@2x.png */ = {isa = PBXFileReference; lastKnownFileType = image.png; path = "Default-568h@2x.png"; sourceTree = "<group>"; };
		59444384175CC1EA0021D498 /* en */ = {isa = PBXFileReference; lastKnownFileType = file.storyboard; name = en; path = en.lproj/MainStoryboard.storyboard; sourceTree = "<group>"; };
		59444386175CC1EA0021D498 /* CardGameViewController.h */ = {isa = PBXFileReference; lastKnownFileType = sourcecode.c.h; path = CardGameViewController.h; sourceTree = "<group>"; };
		59444387175CC1EA0021D498 /* CardGameViewController.m */ = {isa = PBXFileReference; lastKnownFileType = sourcecode.c.objc; path = CardGameViewController.m; sourceTree = "<group>"; };
		5944438E175D14810021D498 /* Card.h */ = {isa = PBXFileReference; fileEncoding = 4; lastKnownFileType = sourcecode.c.h; name = Card.h; path = Model/Card.h; sourceTree = "<group>"; };
		5944438F175D14810021D498 /* Card.m */ = {isa = PBXFileReference; fileEncoding = 4; lastKnownFileType = sourcecode.c.objc; name = Card.m; path = Model/Card.m; sourceTree = "<group>"; };
		59444392175D14BA0021D498 /* Deck.h */ = {isa = PBXFileReference; fileEncoding = 4; lastKnownFileType = sourcecode.c.h; name = Deck.h; path = Model/Deck.h; sourceTree = "<group>"; };
		59444393175D14BA0021D498 /* Deck.m */ = {isa = PBXFileReference; fileEncoding = 4; lastKnownFileType = sourcecode.c.objc; name = Deck.m; path = Model/Deck.m; sourceTree = "<group>"; };
		59444395175D15040021D498 /* PlayingCardDeck.h */ = {isa = PBXFileReference; fileEncoding = 4; lastKnownFileType = sourcecode.c.h; name = PlayingCardDeck.h; path = Model/PlayingCardDeck.h; sourceTree = "<group>"; };
		59444396175D15040021D498 /* PlayingCardDeck.m */ = {isa = PBXFileReference; fileEncoding = 4; lastKnownFileType = sourcecode.c.objc; name = PlayingCardDeck.m; path = Model/PlayingCardDeck.m; sourceTree = "<group>"; };
		59444398175D15140021D498 /* PlayingCard.h */ = {isa = PBXFileReference; fileEncoding = 4; lastKnownFileType = sourcecode.c.h; name = PlayingCard.h; path = Model/PlayingCard.h; sourceTree = "<group>"; };
		59444399175D15140021D498 /* PlayingCard.m */ = {isa = PBXFileReference; fileEncoding = 4; lastKnownFileType = sourcecode.c.objc; name = PlayingCard.m; path = Model/PlayingCard.m; sourceTree = "<group>"; };
		5944439B175DED5F0021D498 /* CardMatchingGame.h */ = {isa = PBXFileReference; fileEncoding = 4; lastKnownFileType = sourcecode.c.h; name = CardMatchingGame.h; path = Model/CardMatchingGame.h; sourceTree = "<group>"; };
		5944439C175DED5F0021D498 /* CardMatchingGame.m */ = {isa = PBXFileReference; fileEncoding = 4; lastKnownFileType = sourcecode.c.objc; name = CardMatchingGame.m; path = Model/CardMatchingGame.m; sourceTree = "<group>"; };
		5944439E175F7B850021D498 /* cardback.png */ = {isa = PBXFileReference; lastKnownFileType = image.png; path = cardback.png; sourceTree = "<group>"; };
		59D6C16B1760E4D200596085 /* GameViewController.h */ = {isa = PBXFileReference; fileEncoding = 4; lastKnownFileType = sourcecode.c.h; path = GameViewController.h; sourceTree = "<group>"; };
		59D6C16C1760E4D200596085 /* GameViewController.m */ = {isa = PBXFileReference; fileEncoding = 4; lastKnownFileType = sourcecode.c.objc; path = GameViewController.m; sourceTree = "<group>"; };
		59D6C1711760E91500596085 /* SetGameViewController.h */ = {isa = PBXFileReference; fileEncoding = 4; lastKnownFileType = sourcecode.c.h; path = SetGameViewController.h; sourceTree = "<group>"; };
		59D6C1721760E91500596085 /* SetGameViewController.m */ = {isa = PBXFileReference; fileEncoding = 4; lastKnownFileType = sourcecode.c.objc; path = SetGameViewController.m; sourceTree = "<group>"; };
		59D6C1741760F05400596085 /* SetCard.h */ = {isa = PBXFileReference; fileEncoding = 4; lastKnownFileType = sourcecode.c.h; name = SetCard.h; path = Model/SetCard.h; sourceTree = "<group>"; };
		59D6C1751760F05400596085 /* SetCard.m */ = {isa = PBXFileReference; fileEncoding = 4; lastKnownFileType = sourcecode.c.objc; name = SetCard.m; path = Model/SetCard.m; sourceTree = "<group>"; };
		59D6C1771760F50D00596085 /* SetCardDeck.h */ = {isa = PBXFileReference; fileEncoding = 4; lastKnownFileType = sourcecode.c.h; name = SetCardDeck.h; path = Model/SetCardDeck.h; sourceTree = "<group>"; };
		59D6C1781760F50D00596085 /* SetCardDeck.m */ = {isa = PBXFileReference; fileEncoding = 4; lastKnownFileType = sourcecode.c.objc; name = SetCardDeck.m; path = Model/SetCardDeck.m; sourceTree = "<group>"; };
		59D6C1AC17636CA100596085 /* PlayingCardView.h */ = {isa = PBXFileReference; fileEncoding = 4; lastKnownFileType = sourcecode.c.h; path = PlayingCardView.h; sourceTree = "<group>"; };
		59D6C1AD17636CA100596085 /* PlayingCardView.m */ = {isa = PBXFileReference; fileEncoding = 4; lastKnownFileType = sourcecode.c.objc; path = PlayingCardView.m; sourceTree = "<group>"; };
		59D6C1B017636CBD00596085 /* J♠.jpg */ = {isa = PBXFileReference; lastKnownFileType = image.jpeg; path = "J♠.jpg"; sourceTree = "<group>"; };
		59D6C1B117636CBD00596085 /* J♠@2x.jpg */ = {isa = PBXFileReference; lastKnownFileType = image.jpeg; path = "J♠@2x.jpg"; sourceTree = "<group>"; };
		59D6C1B217636CBD00596085 /* J♣.jpg */ = {isa = PBXFileReference; lastKnownFileType = image.jpeg; path = "J♣.jpg"; sourceTree = "<group>"; };
		59D6C1B317636CBD00596085 /* J♣@2x.jpg */ = {isa = PBXFileReference; lastKnownFileType = image.jpeg; path = "J♣@2x.jpg"; sourceTree = "<group>"; };
		59D6C1B417636CBD00596085 /* J♥.jpg */ = {isa = PBXFileReference; lastKnownFileType = image.jpeg; path = "J♥.jpg"; sourceTree = "<group>"; };
		59D6C1B517636CBD00596085 /* J♥@2x.jpg */ = {isa = PBXFileReference; lastKnownFileType = image.jpeg; path = "J♥@2x.jpg"; sourceTree = "<group>"; };
		59D6C1B617636CBD00596085 /* J♦.jpg */ = {isa = PBXFileReference; lastKnownFileType = image.jpeg; path = "J♦.jpg"; sourceTree = "<group>"; };
		59D6C1B717636CBD00596085 /* J♦@2x.jpg */ = {isa = PBXFileReference; lastKnownFileType = image.jpeg; path = "J♦@2x.jpg"; sourceTree = "<group>"; };
		59D6C1B817636CBD00596085 /* K♠.jpg */ = {isa = PBXFileReference; lastKnownFileType = image.jpeg; path = "K♠.jpg"; sourceTree = "<group>"; };
		59D6C1B917636CBD00596085 /* K♠@2x.jpg */ = {isa = PBXFileReference; lastKnownFileType = image.jpeg; path = "K♠@2x.jpg"; sourceTree = "<group>"; };
		59D6C1BA17636CBD00596085 /* K♣.jpg */ = {isa = PBXFileReference; lastKnownFileType = image.jpeg; path = "K♣.jpg"; sourceTree = "<group>"; };
		59D6C1BB17636CBD00596085 /* K♣@2x.jpg */ = {isa = PBXFileReference; lastKnownFileType = image.jpeg; path = "K♣@2x.jpg"; sourceTree = "<group>"; };
		59D6C1BC17636CBD00596085 /* K♥.jpg */ = {isa = PBXFileReference; lastKnownFileType = image.jpeg; path = "K♥.jpg"; sourceTree = "<group>"; };
		59D6C1BD17636CBD00596085 /* K♥@2x.jpg */ = {isa = PBXFileReference; lastKnownFileType = image.jpeg; path = "K♥@2x.jpg"; sourceTree = "<group>"; };
		59D6C1BE17636CBD00596085 /* K♦.jpg */ = {isa = PBXFileReference; lastKnownFileType = image.jpeg; path = "K♦.jpg"; sourceTree = "<group>"; };
		59D6C1BF17636CBD00596085 /* K♦@2x.jpg */ = {isa = PBXFileReference; lastKnownFileType = image.jpeg; path = "K♦@2x.jpg"; sourceTree = "<group>"; };
		59D6C1C017636CBD00596085 /* Q♠.jpg */ = {isa = PBXFileReference; lastKnownFileType = image.jpeg; path = "Q♠.jpg"; sourceTree = "<group>"; };
		59D6C1C117636CBD00596085 /* Q♠@2x.jpg */ = {isa = PBXFileReference; lastKnownFileType = image.jpeg; path = "Q♠@2x.jpg"; sourceTree = "<group>"; };
		59D6C1C217636CBD00596085 /* Q♣.jpg */ = {isa = PBXFileReference; lastKnownFileType = image.jpeg; path = "Q♣.jpg"; sourceTree = "<group>"; };
		59D6C1C317636CBD00596085 /* Q♣@2x.jpg */ = {isa = PBXFileReference; lastKnownFileType = image.jpeg; path = "Q♣@2x.jpg"; sourceTree = "<group>"; };
		59D6C1C417636CBD00596085 /* Q♥.jpg */ = {isa = PBXFileReference; lastKnownFileType = image.jpeg; path = "Q♥.jpg"; sourceTree = "<group>"; };
		59D6C1C517636CBD00596085 /* Q♥@2x.jpg */ = {isa = PBXFileReference; lastKnownFileType = image.jpeg; path = "Q♥@2x.jpg"; sourceTree = "<group>"; };
		59D6C1C617636CBD00596085 /* Q♦.jpg */ = {isa = PBXFileReference; lastKnownFileType = image.jpeg; path = "Q♦.jpg"; sourceTree = "<group>"; };
		59D6C1C717636CBD00596085 /* Q♦@2x.jpg */ = {isa = PBXFileReference; lastKnownFileType = image.jpeg; path = "Q♦@2x.jpg"; sourceTree = "<group>"; };
		59D6C1E01763713400596085 /* PlayingCardCollectionViewCell.h */ = {isa = PBXFileReference; fileEncoding = 4; lastKnownFileType = sourcecode.c.h; path = PlayingCardCollectionViewCell.h; sourceTree = "<group>"; };
		59D6C1E11763713400596085 /* PlayingCardCollectionViewCell.m */ = {isa = PBXFileReference; fileEncoding = 4; lastKnownFileType = sourcecode.c.objc; path = PlayingCardCollectionViewCell.m; sourceTree = "<group>"; };
		59D6C1E5176390E800596085 /* cardback.png */ = {isa = PBXFileReference; lastKnownFileType = image.png; path = cardback.png; sourceTree = "<group>"; };
		59D6C1E717660B6000596085 /* SetCardView.h */ = {isa = PBXFileReference; fileEncoding = 4; lastKnownFileType = sourcecode.c.h; path = SetCardView.h; sourceTree = "<group>"; };
		59D6C1E817660B6100596085 /* SetCardView.m */ = {isa = PBXFileReference; fileEncoding = 4; lastKnownFileType = sourcecode.c.objc; path = SetCardView.m; sourceTree = "<group>"; };
		59D6C1EA17660C6F00596085 /* SetCardCollectionViewCell.h */ = {isa = PBXFileReference; fileEncoding = 4; lastKnownFileType = sourcecode.c.h; path = SetCardCollectionViewCell.h; sourceTree = "<group>"; };
		59D6C1EB17660C6F00596085 /* SetCardCollectionViewCell.m */ = {isa = PBXFileReference; fileEncoding = 4; lastKnownFileType = sourcecode.c.objc; path = SetCardCollectionViewCell.m; sourceTree = "<group>"; };
/* End PBXFileReference section */

/* Begin PBXFrameworksBuildPhase section */
		59444365175CC1EA0021D498 /* Frameworks */ = {
			isa = PBXFrameworksBuildPhase;
			buildActionMask = 2147483647;
			files = (
				5944436C175CC1EA0021D498 /* UIKit.framework in Frameworks */,
				5944436E175CC1EA0021D498 /* Foundation.framework in Frameworks */,
				59444370175CC1EA0021D498 /* CoreGraphics.framework in Frameworks */,
			);
			runOnlyForDeploymentPostprocessing = 0;
		};
/* End PBXFrameworksBuildPhase section */

/* Begin PBXGroup section */
		5944435F175CC1EA0021D498 = {
			isa = PBXGroup;
			children = (
				59444371175CC1EA0021D498 /* Machismo */,
				5944436A175CC1EA0021D498 /* Frameworks */,
				59444369175CC1EA0021D498 /* Products */,
			);
			sourceTree = "<group>";
		};
		59444369175CC1EA0021D498 /* Products */ = {
			isa = PBXGroup;
			children = (
				59444368175CC1EA0021D498 /* Machismo.app */,
			);
			name = Products;
			sourceTree = "<group>";
		};
		5944436A175CC1EA0021D498 /* Frameworks */ = {
			isa = PBXGroup;
			children = (
				5944436B175CC1EA0021D498 /* UIKit.framework */,
				5944436D175CC1EA0021D498 /* Foundation.framework */,
				5944436F175CC1EA0021D498 /* CoreGraphics.framework */,
			);
			name = Frameworks;
			sourceTree = "<group>";
		};
		59444371175CC1EA0021D498 /* Machismo */ = {
			isa = PBXGroup;
			children = (
				59D6C1711760E91500596085 /* SetGameViewController.h */,
				59D6C1721760E91500596085 /* SetGameViewController.m */,
				59444383175CC1EA0021D498 /* MainStoryboard.storyboard */,
				59D6C1AC17636CA100596085 /* PlayingCardView.h */,
				59D6C1AD17636CA100596085 /* PlayingCardView.m */,
				59D6C1E717660B6000596085 /* SetCardView.h */,
				59D6C1E817660B6100596085 /* SetCardView.m */,
				59444386175CC1EA0021D498 /* CardGameViewController.h */,
				59444387175CC1EA0021D498 /* CardGameViewController.m */,
				59D6C16B1760E4D200596085 /* GameViewController.h */,
				59D6C16C1760E4D200596085 /* GameViewController.m */,
				59444372175CC1EA0021D498 /* Supporting Files */,
				59444391175D14A30021D498 /* Model */,
				59D6C1E01763713400596085 /* PlayingCardCollectionViewCell.h */,
				59D6C1E11763713400596085 /* PlayingCardCollectionViewCell.m */,
				59D6C1EA17660C6F00596085 /* SetCardCollectionViewCell.h */,
				59D6C1EB17660C6F00596085 /* SetCardCollectionViewCell.m */,
			);
			path = Machismo;
			sourceTree = "<group>";
		};
		59444372175CC1EA0021D498 /* Supporting Files */ = {
			isa = PBXGroup;
			children = (
				59D6C1AF17636CBD00596085 /* Face Card Images */,
				5944437A175CC1EA0021D498 /* CardGameAppDelegate.h */,
				5944437B175CC1EA0021D498 /* CardGameAppDelegate.m */,
				59444373175CC1EA0021D498 /* Machismo-Info.plist */,
				59444374175CC1EA0021D498 /* InfoPlist.strings */,
				59D6C1E5176390E800596085 /* cardback.png */,
				59444377175CC1EA0021D498 /* main.m */,
				59444379175CC1EA0021D498 /* Machismo-Prefix.pch */,
				5944437D175CC1EA0021D498 /* Default.png */,
				5944437F175CC1EA0021D498 /* Default@2x.png */,
				59444381175CC1EA0021D498 /* Default-568h@2x.png */,
			);
			name = "Supporting Files";
			sourceTree = "<group>";
		};
		59444391175D14A30021D498 /* Model */ = {
			isa = PBXGroup;
			children = (
				5944438E175D14810021D498 /* Card.h */,
				5944438F175D14810021D498 /* Card.m */,
				59444392175D14BA0021D498 /* Deck.h */,
				59444393175D14BA0021D498 /* Deck.m */,
				59444395175D15040021D498 /* PlayingCardDeck.h */,
				59444396175D15040021D498 /* PlayingCardDeck.m */,
				5944439E175F7B850021D498 /* cardback.png */,
				59444398175D15140021D498 /* PlayingCard.h */,
				59444399175D15140021D498 /* PlayingCard.m */,
				5944439B175DED5F0021D498 /* CardMatchingGame.h */,
				5944439C175DED5F0021D498 /* CardMatchingGame.m */,
				59D6C1741760F05400596085 /* SetCard.h */,
				59D6C1751760F05400596085 /* SetCard.m */,
				59D6C1771760F50D00596085 /* SetCardDeck.h */,
				59D6C1781760F50D00596085 /* SetCardDeck.m */,
			);
			name = Model;
			sourceTree = "<group>";
		};
		59D6C1AF17636CBD00596085 /* Face Card Images */ = {
			isa = PBXGroup;
			children = (
				59D6C1B017636CBD00596085 /* J♠.jpg */,
				59D6C1B117636CBD00596085 /* J♠@2x.jpg */,
				59D6C1B217636CBD00596085 /* J♣.jpg */,
				59D6C1B317636CBD00596085 /* J♣@2x.jpg */,
				59D6C1B417636CBD00596085 /* J♥.jpg */,
				59D6C1B517636CBD00596085 /* J♥@2x.jpg */,
				59D6C1B617636CBD00596085 /* J♦.jpg */,
				59D6C1B717636CBD00596085 /* J♦@2x.jpg */,
				59D6C1B817636CBD00596085 /* K♠.jpg */,
				59D6C1B917636CBD00596085 /* K♠@2x.jpg */,
				59D6C1BA17636CBD00596085 /* K♣.jpg */,
				59D6C1BB17636CBD00596085 /* K♣@2x.jpg */,
				59D6C1BC17636CBD00596085 /* K♥.jpg */,
				59D6C1BD17636CBD00596085 /* K♥@2x.jpg */,
				59D6C1BE17636CBD00596085 /* K♦.jpg */,
				59D6C1BF17636CBD00596085 /* K♦@2x.jpg */,
				59D6C1C017636CBD00596085 /* Q♠.jpg */,
				59D6C1C117636CBD00596085 /* Q♠@2x.jpg */,
				59D6C1C217636CBD00596085 /* Q♣.jpg */,
				59D6C1C317636CBD00596085 /* Q♣@2x.jpg */,
				59D6C1C417636CBD00596085 /* Q♥.jpg */,
				59D6C1C517636CBD00596085 /* Q♥@2x.jpg */,
				59D6C1C617636CBD00596085 /* Q♦.jpg */,
				59D6C1C717636CBD00596085 /* Q♦@2x.jpg */,
			);
			path = "Face Card Images";
			sourceTree = "<group>";
		};
/* End PBXGroup section */

/* Begin PBXNativeTarget section */
		59444367175CC1EA0021D498 /* Machismo */ = {
			isa = PBXNativeTarget;
			buildConfigurationList = 5944438B175CC1EA0021D498 /* Build configuration list for PBXNativeTarget "Machismo" */;
			buildPhases = (
				59444364175CC1EA0021D498 /* Sources */,
				59444365175CC1EA0021D498 /* Frameworks */,
				59444366175CC1EA0021D498 /* Resources */,
			);
			buildRules = (
			);
			dependencies = (
			);
			name = Machismo;
			productName = Machismo;
			productReference = 59444368175CC1EA0021D498 /* Machismo.app */;
			productType = "com.apple.product-type.application";
		};
/* End PBXNativeTarget section */

/* Begin PBXProject section */
		59444360175CC1EA0021D498 /* Project object */ = {
			isa = PBXProject;
			attributes = {
				CLASSPREFIX = CardGame;
				LastUpgradeCheck = 0460;
				ORGANIZATIONNAME = Marwan;
			};
			buildConfigurationList = 59444363175CC1EA0021D498 /* Build configuration list for PBXProject "Machismo" */;
			compatibilityVersion = "Xcode 3.2";
			developmentRegion = English;
			hasScannedForEncodings = 0;
			knownRegions = (
				en,
			);
			mainGroup = 5944435F175CC1EA0021D498;
			productRefGroup = 59444369175CC1EA0021D498 /* Products */;
			projectDirPath = "";
			projectRoot = "";
			targets = (
				59444367175CC1EA0021D498 /* Machismo */,
			);
		};
/* End PBXProject section */

/* Begin PBXResourcesBuildPhase section */
		59444366175CC1EA0021D498 /* Resources */ = {
			isa = PBXResourcesBuildPhase;
			buildActionMask = 2147483647;
			files = (
				59444376175CC1EA0021D498 /* InfoPlist.strings in Resources */,
				5944437E175CC1EA0021D498 /* Default.png in Resources */,
				59444380175CC1EA0021D498 /* Default@2x.png in Resources */,
				59444382175CC1EA0021D498 /* Default-568h@2x.png in Resources */,
				59444385175CC1EA0021D498 /* MainStoryboard.storyboard in Resources */,
				59D6C1C817636CBD00596085 /* J♠.jpg in Resources */,
				59D6C1C917636CBD00596085 /* J♠@2x.jpg in Resources */,
				59D6C1CA17636CBD00596085 /* J♣.jpg in Resources */,
				59D6C1CB17636CBD00596085 /* J♣@2x.jpg in Resources */,
				59D6C1CC17636CBD00596085 /* J♥.jpg in Resources */,
				59D6C1CD17636CBD00596085 /* J♥@2x.jpg in Resources */,
				59D6C1CE17636CBD00596085 /* J♦.jpg in Resources */,
				59D6C1CF17636CBD00596085 /* J♦@2x.jpg in Resources */,
				59D6C1D017636CBD00596085 /* K♠.jpg in Resources */,
				59D6C1D117636CBD00596085 /* K♠@2x.jpg in Resources */,
				59D6C1D217636CBD00596085 /* K♣.jpg in Resources */,
				59D6C1D317636CBD00596085 /* K♣@2x.jpg in Resources */,
				59D6C1D417636CBD00596085 /* K♥.jpg in Resources */,
				59D6C1D517636CBD00596085 /* K♥@2x.jpg in Resources */,
				59D6C1D617636CBD00596085 /* K♦.jpg in Resources */,
				59D6C1D717636CBD00596085 /* K♦@2x.jpg in Resources */,
				59D6C1D817636CBD00596085 /* Q♠.jpg in Resources */,
				59D6C1D917636CBD00596085 /* Q♠@2x.jpg in Resources */,
				59D6C1DA17636CBD00596085 /* Q♣.jpg in Resources */,
				59D6C1DB17636CBD00596085 /* Q♣@2x.jpg in Resources */,
				59D6C1DC17636CBD00596085 /* Q♥.jpg in Resources */,
				59D6C1DD17636CBD00596085 /* Q♥@2x.jpg in Resources */,
				59D6C1DE17636CBD00596085 /* Q♦.jpg in Resources */,
				59D6C1DF17636CBD00596085 /* Q♦@2x.jpg in Resources */,
				59D6C1E6176390E800596085 /* cardback.png in Resources */,
			);
			runOnlyForDeploymentPostprocessing = 0;
		};
/* End PBXResourcesBuildPhase section */

/* Begin PBXSourcesBuildPhase section */
		59444364175CC1EA0021D498 /* Sources */ = {
			isa = PBXSourcesBuildPhase;
			buildActionMask = 2147483647;
			files = (
				59444378175CC1EA0021D498 /* main.m in Sources */,
				5944437C175CC1EA0021D498 /* CardGameAppDelegate.m in Sources */,
				59444388175CC1EA0021D498 /* CardGameViewController.m in Sources */,
				59444390175D14810021D498 /* Card.m in Sources */,
				59444394175D14BA0021D498 /* Deck.m in Sources */,
				59444397175D15040021D498 /* PlayingCardDeck.m in Sources */,
				5944439A175D15140021D498 /* PlayingCard.m in Sources */,
				5944439D175DED600021D498 /* CardMatchingGame.m in Sources */,
				59D6C16D1760E4D200596085 /* GameViewController.m in Sources */,
				59D6C1731760E91600596085 /* SetGameViewController.m in Sources */,
				59D6C1761760F05400596085 /* SetCard.m in Sources */,
				59D6C1791760F50D00596085 /* SetCardDeck.m in Sources */,
				59D6C1AE17636CA200596085 /* PlayingCardView.m in Sources */,
				59D6C1E21763713400596085 /* PlayingCardCollectionViewCell.m in Sources */,
				59D6C1E917660B6100596085 /* SetCardView.m in Sources */,
				59D6C1EC17660C6F00596085 /* SetCardCollectionViewCell.m in Sources */,
			);
			runOnlyForDeploymentPostprocessing = 0;
		};
/* End PBXSourcesBuildPhase section */

/* Begin PBXVariantGroup section */
		59444374175CC1EA0021D498 /* InfoPlist.strings */ = {
			isa = PBXVariantGroup;
			children = (
				59444375175CC1EA0021D498 /* en */,
			);
			name = InfoPlist.strings;
			sourceTree = "<group>";
		};
		59444383175CC1EA0021D498 /* MainStoryboard.storyboard */ = {
			isa = PBXVariantGroup;
			children = (
				59444384175CC1EA0021D498 /* en */,
			);
			name = MainStoryboard.storyboard;
			sourceTree = "<group>";
		};
/* End PBXVariantGroup section */

/* Begin XCBuildConfiguration section */
		59444389175CC1EA0021D498 /* Debug */ = {
			isa = XCBuildConfiguration;
			buildSettings = {
				ALWAYS_SEARCH_USER_PATHS = NO;
				CLANG_CXX_LANGUAGE_STANDARD = "gnu++0x";
				CLANG_CXX_LIBRARY = "libc++";
				CLANG_ENABLE_OBJC_ARC = YES;
				CLANG_WARN_CONSTANT_CONVERSION = YES;
				CLANG_WARN_EMPTY_BODY = YES;
				CLANG_WARN_ENUM_CONVERSION = YES;
				CLANG_WARN_INT_CONVERSION = YES;
				CLANG_WARN__DUPLICATE_METHOD_MATCH = YES;
				"CODE_SIGN_IDENTITY[sdk=iphoneos*]" = "iPhone Developer";
				COPY_PHASE_STRIP = NO;
				GCC_C_LANGUAGE_STANDARD = gnu99;
				GCC_DYNAMIC_NO_PIC = NO;
				GCC_OPTIMIZATION_LEVEL = 0;
				GCC_PREPROCESSOR_DEFINITIONS = (
					"DEBUG=1",
					"$(inherited)",
				);
				GCC_SYMBOLS_PRIVATE_EXTERN = NO;
				GCC_WARN_ABOUT_RETURN_TYPE = YES;
				GCC_WARN_UNINITIALIZED_AUTOS = YES;
				GCC_WARN_UNUSED_VARIABLE = YES;
				IPHONEOS_DEPLOYMENT_TARGET = 6.1;
				ONLY_ACTIVE_ARCH = YES;
				SDKROOT = iphoneos;
			};
			name = Debug;
		};
		5944438A175CC1EA0021D498 /* Release */ = {
			isa = XCBuildConfiguration;
			buildSettings = {
				ALWAYS_SEARCH_USER_PATHS = NO;
				CLANG_CXX_LANGUAGE_STANDARD = "gnu++0x";
				CLANG_CXX_LIBRARY = "libc++";
				CLANG_ENABLE_OBJC_ARC = YES;
				CLANG_WARN_CONSTANT_CONVERSION = YES;
				CLANG_WARN_EMPTY_BODY = YES;
				CLANG_WARN_ENUM_CONVERSION = YES;
				CLANG_WARN_INT_CONVERSION = YES;
				CLANG_WARN__DUPLICATE_METHOD_MATCH = YES;
				"CODE_SIGN_IDENTITY[sdk=iphoneos*]" = "iPhone Developer";
				COPY_PHASE_STRIP = YES;
				GCC_C_LANGUAGE_STANDARD = gnu99;
				GCC_WARN_ABOUT_RETURN_TYPE = YES;
				GCC_WARN_UNINITIALIZED_AUTOS = YES;
				GCC_WARN_UNUSED_VARIABLE = YES;
				IPHONEOS_DEPLOYMENT_TARGET = 6.1;
				OTHER_CFLAGS = "-DNS_BLOCK_ASSERTIONS=1";
				SDKROOT = iphoneos;
				VALIDATE_PRODUCT = YES;
			};
			name = Release;
		};
		5944438C175CC1EA0021D498 /* Debug */ = {
			isa = XCBuildConfiguration;
			buildSettings = {
				GCC_PRECOMPILE_PREFIX_HEADER = YES;
				GCC_PREFIX_HEADER = "Machismo/Machismo-Prefix.pch";
				INFOPLIST_FILE = "Machismo/Machismo-Info.plist";
				PRODUCT_NAME = "$(TARGET_NAME)";
				WRAPPER_EXTENSION = app;
			};
			name = Debug;
		};
		5944438D175CC1EA0021D498 /* Release */ = {
			isa = XCBuildConfiguration;
			buildSettings = {
				GCC_PRECOMPILE_PREFIX_HEADER = YES;
				GCC_PREFIX_HEADER = "Machismo/Machismo-Prefix.pch";
				INFOPLIST_FILE = "Machismo/Machismo-Info.plist";
				PRODUCT_NAME = "$(TARGET_NAME)";
				WRAPPER_EXTENSION = app;
			};
			name = Release;
		};
/* End XCBuildConfiguration section */

/* Begin XCConfigurationList section */
		59444363175CC1EA0021D498 /* Build configuration list for PBXProject "Machismo" */ = {
			isa = XCConfigurationList;
			buildConfigurations = (
				59444389175CC1EA0021D498 /* Debug */,
				5944438A175CC1EA0021D498 /* Release */,
			);
			defaultConfigurationIsVisible = 0;
			defaultConfigurationName = Release;
		};
		5944438B175CC1EA0021D498 /* Build configuration list for PBXNativeTarget "Machismo" */ = {
			isa = XCConfigurationList;
			buildConfigurations = (
				5944438C175CC1EA0021D498 /* Debug */,
				5944438D175CC1EA0021D498 /* Release */,
			);
			defaultConfigurationIsVisible = 0;
			defaultConfigurationName = Release;
		};
/* End XCConfigurationList section */
	};
	rootObject = 59444360175CC1EA0021D498 /* Project object */;
}
